# This file is generated by running "yarn install" inside your project.
# Manual changes might be lost - proceed with caution!

__metadata:
  version: 7
  cacheKey: 9

"@arcanis/slice-ansi@npm:^1.1.1":
  version: 1.1.1
  resolution: "@arcanis/slice-ansi@npm:1.1.1"
  dependencies:
    grapheme-splitter: "npm:^1.0.4"
  checksum: f79b471726685624aa941384c7ea98f3a415f19772ef7c9339fd16b51d11cb2dce8bfea9da4b092fec03e7ee8859c058a85e318aa90678d8d2fa9c27a59581ce
  languageName: node
  linkType: hard

"@cspotcode/source-map-support@npm:^0.8.0":
  version: 0.8.1
  resolution: "@cspotcode/source-map-support@npm:0.8.1"
  dependencies:
    "@jridgewell/trace-mapping": "npm:0.3.9"
  checksum: 4327d8e6e4347897f5baf265c43ff094260a3ad7b53920fa07472aa18699ba7d570e5171082e88d19e4b5cce6f35cc1666b1c8ccb8b74d67e4f482395b8c511d
  languageName: node
  linkType: hard

"@jridgewell/resolve-uri@npm:^3.0.3":
  version: 3.1.0
  resolution: "@jridgewell/resolve-uri@npm:3.1.0"
  checksum: 6b641bb7e25bc92a9848898cc91a77a390f393f086297ec2336d911387bdd708919c418e74a22732cfc21d0e7300b94306f437d2e9de5ab58b33ebc6c39d6f9d
  languageName: node
  linkType: hard

"@jridgewell/sourcemap-codec@npm:^1.4.10":
  version: 1.4.14
  resolution: "@jridgewell/sourcemap-codec@npm:1.4.14"
  checksum: 2147ea75c966fed8a7d9ed6679b7e8c380fa790a9bea5a64f4ec1c26d24e44b461aa60fc3b228cea03a46708d9d1bcf19508035bf27ad5e8f63d0998ed1d1117
  languageName: node
  linkType: hard

"@jridgewell/trace-mapping@npm:0.3.9":
  version: 0.3.9
  resolution: "@jridgewell/trace-mapping@npm:0.3.9"
  dependencies:
    "@jridgewell/resolve-uri": "npm:^3.0.3"
    "@jridgewell/sourcemap-codec": "npm:^1.4.10"
  checksum: 542c5f0f0ae874121e9de649581f9619cc0c65e33292e1285f1233f5ff3e41e6f4f216d69a4c3f800b4d6db208ff6c710307e19e1ff170ed5304807e346e6cf9
  languageName: node
  linkType: hard

"@nodelib/fs.scandir@npm:2.1.5":
  version: 2.1.5
  resolution: "@nodelib/fs.scandir@npm:2.1.5"
  dependencies:
    "@nodelib/fs.stat": "npm:2.0.5"
    run-parallel: "npm:^1.1.9"
  checksum: 5f309a3b375738e97d4f3cf73ace218690d5a1cfdf98202c6b46bfda61f4317e0e0036c81b040b147e7d1632c7da2e2462e47660de428917cacaebfa2a0a20c7
  languageName: node
  linkType: hard

"@nodelib/fs.stat@npm:2.0.5, @nodelib/fs.stat@npm:^2.0.2":
  version: 2.0.5
  resolution: "@nodelib/fs.stat@npm:2.0.5"
  checksum: 594d04bcf578d15af65b510dbd9c0dc2458d2a7ef1b403924f22f64d397e965efa8c6854b3fee3395244ae642e28d896ab9d04c5ee5c46ef4fda1d48eaaef19c
  languageName: node
  linkType: hard

"@nodelib/fs.walk@npm:^1.2.3":
  version: 1.2.8
  resolution: "@nodelib/fs.walk@npm:1.2.8"
  dependencies:
    "@nodelib/fs.scandir": "npm:2.1.5"
    fastq: "npm:^1.6.0"
  checksum: 3542284aa2d6e313cfd4ae40a2502b53e1f35da6f4f9890422aad018c04866f6bfb96c4105e23dbd9fb93cfc630cc607777df658a3a525d63a3bfb9bcb2b0f21
  languageName: node
  linkType: hard

"@sindresorhus/is@npm:^4.0.0":
  version: 4.6.0
  resolution: "@sindresorhus/is@npm:4.6.0"
  checksum: c4326c4f01370580cf5b1b799d5aabab6cb3b0f7f06aec316bec403796064f3b7c68ebd22361313557bf153346266e133f8dd16b3a95e07650f70843321548f3
  languageName: node
  linkType: hard

"@szmarczak/http-timer@npm:^4.0.5":
  version: 4.0.6
  resolution: "@szmarczak/http-timer@npm:4.0.6"
  dependencies:
    defer-to-connect: "npm:^2.0.0"
  checksum: d927951bccbbad4cb713af7378ad4d17b34e48725ea4641ad01f79b310564e3db2b173c4f81cb3b945dbf8b3dbcb4da7b8d0f2e754e79dc1b92c69a18ba0ac41
  languageName: node
  linkType: hard

"@tsconfig/node10@npm:^1.0.7":
  version: 1.0.9
  resolution: "@tsconfig/node10@npm:1.0.9"
  checksum: 6ec0cadbcd7942f64b5d00c4b19ff783410a5f1511c1feefa8e99b5df1e57776c4f2ce058870c9d982a4ca460051dbd2a5e57d11989aab40f6c68e98c92b6d14
  languageName: node
  linkType: hard

"@tsconfig/node12@npm:^1.0.7":
  version: 1.0.11
  resolution: "@tsconfig/node12@npm:1.0.11"
  checksum: 2ba331a89b6778df0fb49ab0ba3e809c0a0d5ca3d9f898ba4a0a276043616b6047aec5dd4a5d1ae9a09ff267bcddbbc96d968857e6690583fd474a58c25c2e1c
  languageName: node
  linkType: hard

"@tsconfig/node14@npm:^1.0.0":
  version: 1.0.3
  resolution: "@tsconfig/node14@npm:1.0.3"
  checksum: 8d04150cdfbe5b89be095586bfa35415800b694f9955274df16b1017e1cef9697467185b3f7c64ed588a7e8d48ff6f4cc3125c8265b5e3d4f757884dcc6facbc
  languageName: node
  linkType: hard

"@tsconfig/node16@npm:^1.0.2":
  version: 1.0.3
  resolution: "@tsconfig/node16@npm:1.0.3"
  checksum: 4280081089783dfeab00e5bc18ff55e11e8e4577d4626f34730a062c99ec4136fe6c2036e6f20ebe50b1c3e01bc29db6e2cfa9541a7b6dc99825ccbe8f7f8395
  languageName: node
  linkType: hard

"@types/cacheable-request@npm:^6.0.1":
  version: 6.0.3
  resolution: "@types/cacheable-request@npm:6.0.3"
  dependencies:
    "@types/http-cache-semantics": "npm:*"
    "@types/keyv": "npm:^3.1.4"
    "@types/node": "npm:*"
    "@types/responselike": "npm:^1.0.0"
  checksum: 5f54ee509d84e0c3750c4426096b634efb160eb4c38021f829209475bb9167c6b3bcf3b80417040a811b14e68c5961e78f0f43aea3bed4c249b8cdc602849bd6
  languageName: node
  linkType: hard

"@types/emscripten@npm:^1.39.6":
  version: 1.39.6
  resolution: "@types/emscripten@npm:1.39.6"
  checksum: 0b2219f4c4a5126433135c331047be50bdfabac1cc39b37a8a2d8aec9cdfa62148bc80a485956924751d5007254f82ad8fc56f001999d79bdeea298a4ec4c712
  languageName: node
  linkType: hard

"@types/http-cache-semantics@npm:*":
  version: 4.0.1
  resolution: "@types/http-cache-semantics@npm:4.0.1"
  checksum: 04aacd353b3823dea511927aa0b0a519a16a876aab4f6cc545828cafcadebddc631dcb1e1a949a09f1c30d37c5512e60e69469e22a75213ff1abf349deaad433
  languageName: node
  linkType: hard

"@types/keyv@npm:^3.1.4":
  version: 3.1.4
  resolution: "@types/keyv@npm:3.1.4"
  dependencies:
    "@types/node": "npm:*"
  checksum: c1fbfe6e2a8c82656c8fc5782d937c82ed336cdca451c4d7a8d08d245531ad21572024d621b38071d34cfb7461702eea79fcf222a03264f00564d75e78bd348d
  languageName: node
  linkType: hard

"@types/node@npm:*, @types/node@npm:^18.11.17":
  version: 18.11.17
  resolution: "@types/node@npm:18.11.17"
  checksum: c344af96ffdcc429d8d79576de72061553cd083d06cde8209a82b3d927c62ecf2211f24c3b970194636833f9dcfd94228f2b019f2d796f1f20dfc0d12e6dcc2b
  languageName: node
  linkType: hard

"@types/responselike@npm:^1.0.0":
  version: 1.0.0
  resolution: "@types/responselike@npm:1.0.0"
  dependencies:
    "@types/node": "npm:*"
  checksum: f6e2bc61d2fbeabfd6c5df826e87832aa89f7b190dc993503ff1bbc19608ba75223f4c41c22bfb9500b66e36bf00e7a2c2c0af9e6abba6c2e5bad808eb324d2c
  languageName: node
  linkType: hard

"@types/semver@npm:^7.1.0":
  version: 7.3.13
  resolution: "@types/semver@npm:7.3.13"
  checksum: a76156ff60ddbd17bf2120c09dca3cd8ac7db4f8d8c69614a9ebc5202f05d1044def7fd8cf77415f7284ea8edfa1092b6e04dac07dc17c94762904c69dd2c85b
  languageName: node
  linkType: hard

"@types/treeify@npm:^1.0.0":
  version: 1.0.0
  resolution: "@types/treeify@npm:1.0.0"
  checksum: 9a51bd33d129a578009e355039829a7d80a2100a881a5cda96befa0e7d59bdf0541728f07c3a2ddb26124c750792f6a9e8c1e12b202481c5196bed7b311a0a2d
  languageName: node
  linkType: hard

"@yarnpkg/core@npm:^4.0.0-rc.33":
  version: 4.0.0-rc.33
  resolution: "@yarnpkg/core@npm:4.0.0-rc.33"
  dependencies:
    "@arcanis/slice-ansi": "npm:^1.1.1"
    "@types/semver": "npm:^7.1.0"
    "@types/treeify": "npm:^1.0.0"
    "@yarnpkg/fslib": "npm:^3.0.0-rc.33"
    "@yarnpkg/libzip": "npm:^3.0.0-rc.33"
    "@yarnpkg/parsers": "npm:^3.0.0-rc.33"
    "@yarnpkg/shell": "npm:^4.0.0-rc.33"
    camelcase: "npm:^5.3.1"
    chalk: "npm:^3.0.0"
    ci-info: "npm:^3.2.0"
    clipanion: "npm:^3.2.0-rc.10"
    cross-spawn: "npm:7.0.3"
    diff: "npm:^5.1.0"
    globby: "npm:^11.0.1"
    got: "npm:^11.7.0"
    lodash: "npm:^4.17.15"
    micromatch: "npm:^4.0.2"
    p-limit: "npm:^2.2.0"
    semver: "npm:^7.1.2"
    strip-ansi: "npm:^6.0.0"
    tar: "npm:^6.0.5"
    tinylogic: "npm:^2.0.0"
    treeify: "npm:^1.1.0"
    tslib: "npm:^2.4.0"
    tunnel: "npm:^0.0.6"
  checksum: ef9980343396adaba4f71d43dfc59d5dd8b88a29d461865da49870e40bfaf32ce1420fdc9e9b8beff2babe19316071ecabcb258074535694009bb2bdb7de4b57
  languageName: node
  linkType: hard

"@yarnpkg/fslib@npm:^3.0.0-rc.33":
  version: 3.0.0-rc.33
  resolution: "@yarnpkg/fslib@npm:3.0.0-rc.33"
  dependencies:
    tslib: "npm:^2.4.0"
  checksum: b116a2b33c5ee874cd4b46efa552d04a0ec3c6390ee7fc5334206a6cda79fca04d70d5eaf19c07437bbe80a371f4d4596b4cb9c3bc019b5fe6aa2a5c1dbd1516
  languageName: node
  linkType: hard

"@yarnpkg/libzip@npm:^3.0.0-rc.33":
  version: 3.0.0-rc.33
  resolution: "@yarnpkg/libzip@npm:3.0.0-rc.33"
  dependencies:
    "@types/emscripten": "npm:^1.39.6"
    "@yarnpkg/fslib": "npm:^3.0.0-rc.33"
    tslib: "npm:^2.4.0"
  peerDependencies:
    "@yarnpkg/fslib": ^3.0.0-rc.33
  checksum: cc8d01c305b410c08365a7e16bbe434c4bce4a5dfa939dbf845d9f48d6de0955bd64150d17957671ecf5fd0a9138f36a341248863c8c4cb65f1fbcd89f80b5f0
  languageName: node
  linkType: hard

"@yarnpkg/parsers@npm:^3.0.0-rc.33":
  version: 3.0.0-rc.33
  resolution: "@yarnpkg/parsers@npm:3.0.0-rc.33"
  dependencies:
    js-yaml: "npm:^3.10.0"
    tslib: "npm:^2.4.0"
  checksum: 74691e30f1e1e840b33369f42713cc966d6efd2e501599ea8d09c943f8e37271e8b53dc237fba512673f43f2ffbcca7dee8f6a9fbc17f8708d0ef869aa18b9a7
  languageName: node
  linkType: hard

"@yarnpkg/sdks@npm:^3.0.0-rc.33":
  version: 3.0.0-rc.33
  resolution: "@yarnpkg/sdks@npm:3.0.0-rc.33"
  dependencies:
    "@yarnpkg/core": "npm:^4.0.0-rc.33"
    "@yarnpkg/fslib": "npm:^3.0.0-rc.33"
    "@yarnpkg/parsers": "npm:^3.0.0-rc.33"
    chalk: "npm:^3.0.0"
    clipanion: "npm:^3.2.0-rc.10"
    comment-json: "npm:^2.2.0"
    lodash: "npm:^4.17.15"
    tslib: "npm:^2.4.0"
  bin:
    sdks: ./lib/cli.js
  checksum: fbe926b2cd65389271321a4e470a8142ac6b7cdf9a1e28b84edb5c86bff37857693c1f016b7ab21c784e93532f8bae4fbaba187e483208af2f6a4cf2f873bfb4
  languageName: node
  linkType: hard

"@yarnpkg/shell@npm:^4.0.0-rc.33":
  version: 4.0.0-rc.33
  resolution: "@yarnpkg/shell@npm:4.0.0-rc.33"
  dependencies:
    "@yarnpkg/fslib": "npm:^3.0.0-rc.33"
    "@yarnpkg/parsers": "npm:^3.0.0-rc.33"
    chalk: "npm:^3.0.0"
    clipanion: "npm:^3.2.0-rc.10"
    cross-spawn: "npm:7.0.3"
    fast-glob: "npm:^3.2.2"
    micromatch: "npm:^4.0.2"
    tslib: "npm:^2.4.0"
  bin:
    shell: ./lib/cli.js
  checksum: 77a8c576ca07b6058e986e03d999becda195e883074a6a6e3975d807e7f8952fa39b16db745c9866af48cc0216f70f4133b87561caa3d0fc57c3eb7eeeaafcb2
  languageName: node
  linkType: hard

"acorn-walk@npm:^8.1.1":
  version: 8.2.0
  resolution: "acorn-walk@npm:8.2.0"
  checksum: 389d3f19998ac0924a590485a6502b72059e3ab67cc820477c2c40cca06b6c50bb8d424bfbb8fe97955eb489b88cb5dc7ee6979fcf9321dce7eb451ba3456d3d
  languageName: node
  linkType: hard

"acorn@npm:^8.4.1":
  version: 8.8.1
  resolution: "acorn@npm:8.8.1"
  bin:
    acorn: bin/acorn
  checksum: f8a84cf59173c5c07cb6b8097c716370f799244189b23d58358eadf9729e0d62660bc11339e03f08517fa33d1ef4b69b84b0bdebe0c0d783acaa8d2c44a66345
  languageName: node
  linkType: hard

"ansi-regex@npm:^5.0.1":
  version: 5.0.1
  resolution: "ansi-regex@npm:5.0.1"
  checksum: 627f94ee7fcc5e03186646ebd11ca2ccd954f3cb48fc6a3f42883db6bbf3df5dfba06d62647b2f72c975349fc072c5c44808b7da26d08a9313a7f304acda2efb
  languageName: node
  linkType: hard

"ansi-styles@npm:^4.1.0":
  version: 4.3.0
  resolution: "ansi-styles@npm:4.3.0"
  dependencies:
    color-convert: "npm:^2.0.1"
  checksum: d15dab617b78cbc96f10016e929e921ad73695753de4e45a911ecee6e29aa45c71d58f1ffaf8e49889dbe726dbdb2bbe5b4e3a7bf1c517f8740ae83a29b7df25
  languageName: node
  linkType: hard

"arg@npm:^4.1.0":
  version: 4.1.3
  resolution: "arg@npm:4.1.3"
  checksum: a60e3881540ab44af1058bf3c9bdbcdd45a82cb930299ae875e609b60b44435410d152b26d55816e8ef2cf1096cfa39271f5b1bd3dd931355f3f24f043dc7ca5
  languageName: node
  linkType: hard

"argparse@npm:^1.0.7":
  version: 1.0.10
  resolution: "argparse@npm:1.0.10"
  dependencies:
    sprintf-js: "npm:~1.0.2"
  checksum: 6112e287a501a4badb8451c3b84420daa75dc4e1ac55d7ce086a492b2cf7d55f2fc0473acb62fc6af2d8013cf255d5d24734c10b4c2c6e440731644f8845c96b
  languageName: node
  linkType: hard

"array-union@npm:^2.1.0":
  version: 2.1.0
  resolution: "array-union@npm:2.1.0"
  checksum: 0644809ce6ada3bcf5d25379f3c96f0335dd45516da5303fcb9eb2477dc8ad222fe39be2d0b58a7bbc3207e68d714e5f592316b881e2b13a11cd705d11cc5d45
  languageName: node
  linkType: hard

"braces@npm:^3.0.2":
  version: 3.0.2
  resolution: "braces@npm:3.0.2"
  dependencies:
    fill-range: "npm:^7.0.1"
  checksum: 1aa7f7f39e1dff23894196303515503dd945f36adcb78073ee067b421ecc595265556911183b24d1bc4e51011d3536d63d117cb4493e5123fcc7456596a93637
  languageName: node
  linkType: hard

"cacheable-lookup@npm:^5.0.3":
  version: 5.0.4
  resolution: "cacheable-lookup@npm:5.0.4"
  checksum: 08f9009465fbbc867446e41af57c31e1d9f37723d9eab8efe340b71745eded3467b2d707840ec6939d466a961e385493af50bd14c3b4c6854dc2c2e0ec7626b3
  languageName: node
  linkType: hard

"cacheable-request@npm:^7.0.2":
  version: 7.0.2
  resolution: "cacheable-request@npm:7.0.2"
  dependencies:
    clone-response: "npm:^1.0.2"
    get-stream: "npm:^5.1.0"
    http-cache-semantics: "npm:^4.0.0"
    keyv: "npm:^4.0.0"
    lowercase-keys: "npm:^2.0.0"
    normalize-url: "npm:^6.0.1"
    responselike: "npm:^2.0.0"
  checksum: d48bf325895ea31b1f8a556060676239af59433e7626c37cced3af45f9165e3e62f22eab72e027cd92d86e822a55de682d80a8c31c74af69923fa4fe08dbe3d5
  languageName: node
  linkType: hard

"camelcase@npm:^5.3.1":
  version: 5.3.1
  resolution: "camelcase@npm:5.3.1"
  checksum: 3875260be8f9761ab3870045b7c5c826f584070fe92f5c13a2800a84572d6edf16e6da01db01e135c6d080569fcd690bd2376bdabc3bc80a91da81d1b1c5e773
  languageName: node
  linkType: hard

"chalk@npm:^3.0.0":
  version: 3.0.0
  resolution: "chalk@npm:3.0.0"
  dependencies:
    ansi-styles: "npm:^4.1.0"
    supports-color: "npm:^7.1.0"
  checksum: b72cc49b5655487fe118f9074f1d18b2782bdea5b75e0c185e687c8d1218ec51fb2ac4d3480a8473e879383256cfa11059f0ef48b8b2ec137e0b3d80205cc9ef
  languageName: node
  linkType: hard

"chownr@npm:^2.0.0":
  version: 2.0.0
  resolution: "chownr@npm:2.0.0"
  checksum: 7b240ff920db951fd3841116c5e0e2ec4750e20c85cd044ea78f636202e1fa47ce0a20d48c3c912edc52ea0f1615aba37bdd6297d3a731b517647ed33c3dee09
  languageName: node
  linkType: hard

"ci-info@npm:^3.2.0":
  version: 3.7.0
  resolution: "ci-info@npm:3.7.0"
  checksum: 60d4dcdc63c88a02beff01ec14a733128017d2388f86c5d6a931df7001d4a30f264040f2c6edfd0732fbfa79d624c1b76f6fbdad5e96315d491a1bf60cf424e4
  languageName: node
  linkType: hard

"clipanion@npm:^3.2.0-rc.10":
  version: 3.2.0-rc.14
  resolution: "clipanion@npm:3.2.0-rc.14"
  dependencies:
    typanion: "npm:^3.8.0"
  peerDependencies:
    typanion: "*"
  checksum: 4f496c432613a126dfac077c784e08fdd1610cf83151854a2796b617040ea20a4f6e81e72964332f178a8293a643e99f3edc0a11eb71c2afcc53eb87f4224b58
  languageName: node
  linkType: hard

"clone-response@npm:^1.0.2":
  version: 1.0.3
  resolution: "clone-response@npm:1.0.3"
  dependencies:
    mimic-response: "npm:^1.0.0"
  checksum: c62b009bcb5ad7fb11ba8781e04ee702e9e37226d84578ecd3c4f2aa4607313eb49f3e0d9a8435fe9d93d72962dcfff0f3a659a92e40e2917588b27eece4d744
  languageName: node
  linkType: hard

"color-convert@npm:^2.0.1":
  version: 2.0.1
  resolution: "color-convert@npm:2.0.1"
  dependencies:
    color-name: "npm:~1.1.4"
  checksum: bf4d19d12621eae71a531e5b977f46717b15e0d3253f25790f5779b7577124e4d9c4597df05cee79e8f8e8fc14add04e738a659ee4336ee0cc5587ebc3c602e7
  languageName: node
  linkType: hard

"color-name@npm:~1.1.4":
  version: 1.1.4
  resolution: "color-name@npm:1.1.4"
  checksum: 80acf64638343898f5b36825f4c9715ced380e738400b308f3f90ca2327f2f98f0c2cfb1f1a6447f267a2e1d1ea2214f26e948d8acab547e5478e2b0816c7c30
  languageName: node
  linkType: hard

"comment-json@npm:^2.2.0":
  version: 2.4.2
  resolution: "comment-json@npm:2.4.2"
  dependencies:
    core-util-is: "npm:^1.0.2"
    esprima: "npm:^4.0.1"
    has-own-prop: "npm:^2.0.0"
    repeat-string: "npm:^1.6.1"
  checksum: 93a2cd24e87caf0a942ab1cdee9bb8dcf30a8f2b3cdaac8e8bcafa25f6e2ab8e55dca098db29e0b13940a959e24a441cdbb27ebe04f534a3c68e91b4a744b003
  languageName: node
  linkType: hard

"core-util-is@npm:^1.0.2":
  version: 1.0.3
  resolution: "core-util-is@npm:1.0.3"
  checksum: 3bd2c52819a46215dbe36b3686ec77a7897dcb288eedf217c352451f0e53c131426d191dca4d06f554e8abdcf4b75a8d0ceec85c25126c762e8fd89292f7e4c9
  languageName: node
  linkType: hard

"crafting-interpreters-ts@workspace:.":
  version: 0.0.0-use.local
  resolution: "crafting-interpreters-ts@workspace:."
  dependencies:
    "@types/node": "npm:^18.11.17"
    "@yarnpkg/sdks": "npm:^3.0.0-rc.33"
    ts-node: "npm:^10.9.1"
    typescript: "npm:^4.9.4"
  languageName: unknown
  linkType: soft

"create-require@npm:^1.1.0":
  version: 1.1.1
  resolution: "create-require@npm:1.1.1"
  checksum: 9db2a6d1a6e69929e4b18045910289a17543f9f07ba4d6027e9c3fdc4c985998cd4b6738a45675ab870287483832332d5aa75a1612c87230149d1fba568ae86a
  languageName: node
  linkType: hard

"cross-spawn@npm:7.0.3":
  version: 7.0.3
  resolution: "cross-spawn@npm:7.0.3"
  dependencies:
    path-key: "npm:^3.1.0"
    shebang-command: "npm:^2.0.0"
    which: "npm:^2.0.1"
  checksum: 37ec685f91f04d4719892f305fa6f632aae256df7f2f3f98d5c36f2197651ad7b77851aaa2d397d19a9555f0fb89fa18f9bb3ff4b440535cc0fb4fe0a72004b9
  languageName: node
  linkType: hard

"decompress-response@npm:^6.0.0":
  version: 6.0.0
  resolution: "decompress-response@npm:6.0.0"
  dependencies:
    mimic-response: "npm:^3.1.0"
  checksum: b4575b109e38fe4bc10a8dc1a9167490da2efc07449bdc2ac9e3444592ee892e84fa89974448639388ad1f56f3a16e95606f3ab9d0c3dbdb84f1cbe432252b9f
  languageName: node
  linkType: hard

"defer-to-connect@npm:^2.0.0":
  version: 2.0.1
  resolution: "defer-to-connect@npm:2.0.1"
  checksum: b027a4a33d1e6f42d5287ec33a914190ba9b6a949fd4d5b36020be813871009ab93ead8084950ebd59075d464e99fbea96000c59a89c2aa5ec0eae96fb1cbf68
  languageName: node
  linkType: hard

"diff@npm:^4.0.1":
  version: 4.0.2
  resolution: "diff@npm:4.0.2"
  checksum: 1b445113c0727e15646a058b2794df63366bd1e32abf078990b78c2a355fe72e4e3c8de3399f2c5d67f06cd461acdebd91b5f71cb2cd02f7300bdb926a3cd6e2
  languageName: node
  linkType: hard

"diff@npm:^5.1.0":
  version: 5.1.0
  resolution: "diff@npm:5.1.0"
  checksum: c241ce992c1b59de63637d5ea2c4ac36e5686a0c660830a2dea1c9963abbb83907bef6aebe2898a3e581483bf8b1073e806ad884bf8cafe2af4023fb8ecf0f58
  languageName: node
  linkType: hard

"dir-glob@npm:^3.0.1":
  version: 3.0.1
  resolution: "dir-glob@npm:3.0.1"
  dependencies:
    path-type: "npm:^4.0.0"
  checksum: 713590b89f9d09b80da82094419260ee15f4e67da692659876ac747ee38788dbb8b2bd5d2749bbcf298ce934888e378569f01895a136a09b54d1b28753e337c7
  languageName: node
  linkType: hard

"end-of-stream@npm:^1.1.0":
  version: 1.4.4
  resolution: "end-of-stream@npm:1.4.4"
  dependencies:
    once: "npm:^1.4.0"
  checksum: fa73674a01c2e7a3e17c801cb916c1e0c77f2cc719a42cee1bb3ce3550b9425369e4d0a2b2ce6670cb8eff07d34e67333949c83a30e7ec94625cec68aa07664e
  languageName: node
  linkType: hard

"esprima@npm:^4.0.0, esprima@npm:^4.0.1":
  version: 4.0.1
  resolution: "esprima@npm:4.0.1"
  bin:
    esparse: ./bin/esparse.js
    esvalidate: ./bin/esvalidate.js
  checksum: 08b3015538b1f7f087a4ea49b5a3d8ff9590ecf7eb43511182c9198cfe168a5cc1736c2ae33263c79cfbe9e984c1880ee971b64ad96e7c84db74488e6ee93c1b
  languageName: node
  linkType: hard

"fast-glob@npm:^3.2.2, fast-glob@npm:^3.2.9":
  version: 3.2.12
  resolution: "fast-glob@npm:3.2.12"
  dependencies:
    "@nodelib/fs.stat": "npm:^2.0.2"
    "@nodelib/fs.walk": "npm:^1.2.3"
    glob-parent: "npm:^5.1.2"
    merge2: "npm:^1.3.0"
    micromatch: "npm:^4.0.4"
  checksum: 3b98e0cadbf2aea3fa2be76e28b0c895bb18d920ccb7b3d3f603a464e3dc2c6a89a8afb9f9765226bd4d4d74b70e880721ff7a57a267c2eaa11353f35d42d11b
  languageName: node
  linkType: hard

"fastq@npm:^1.6.0":
  version: 1.14.0
  resolution: "fastq@npm:1.14.0"
  dependencies:
    reusify: "npm:^1.0.4"
  checksum: be0073e4efd01fd3c68c93cb9c6fc03f650848bfdc5868bf536d3c9c63bb39f36d526f460ecd814dc562e04ddd2d4a20e7bf881d292aa5ff5d533825d2c87213
  languageName: node
  linkType: hard

"fill-range@npm:^7.0.1":
  version: 7.0.1
  resolution: "fill-range@npm:7.0.1"
  dependencies:
    to-regex-range: "npm:^5.0.1"
  checksum: e5ccb299de8a12ea5dcef663f658933e2fbdf40aeab3e7e5af9132e82d7f6bdd0984ac2e122dc1825707f33917c308bc40b632b852331c900c317c5d64bb7bf0
  languageName: node
  linkType: hard

"fs-minipass@npm:^2.0.0":
  version: 2.1.0
  resolution: "fs-minipass@npm:2.1.0"
  dependencies:
    minipass: "npm:^3.0.0"
  checksum: 56d19f9a034cbef50b7fe846a71ab1a6a7ee7906205f9f18b7c9696e1f6d83c4d708a0196c65536f34e569205664840dd4f97f1286a26148a4c5bf74a67fe8db
  languageName: node
  linkType: hard

"get-stream@npm:^5.1.0":
  version: 5.2.0
  resolution: "get-stream@npm:5.2.0"
  dependencies:
    pump: "npm:^3.0.0"
  checksum: ec44aec324d4143ca4784ecc294d575246d2d4d141065c5d137438ab56226d3a7c83e0c840a0a2192c0262babb96045687c662fe867041cc67ee42ad4296074d
  languageName: node
  linkType: hard

"glob-parent@npm:^5.1.2":
  version: 5.1.2
  resolution: "glob-parent@npm:5.1.2"
  dependencies:
    is-glob: "npm:^4.0.1"
  checksum: 2a8fd4de469543f6160dbfff5c59950e39494fc8b692ca7e1d0a5564450dee53228370b43bcfdeda82c2f96b26de618ef8aa5ece28090fcd568c411b6148241d
  languageName: node
  linkType: hard

"globby@npm:^11.0.1":
  version: 11.1.0
  resolution: "globby@npm:11.1.0"
  dependencies:
    array-union: "npm:^2.1.0"
    dir-glob: "npm:^3.0.1"
    fast-glob: "npm:^3.2.9"
    ignore: "npm:^5.2.0"
    merge2: "npm:^1.4.1"
    slash: "npm:^3.0.0"
  checksum: 3047df770874d103dafe26084f998f562e8a8e2930896940e0bdbdc27c1f7574570f231dc2aa981d941dc84c93db05ce7cd81667488b040412e88740186fc22e
  languageName: node
  linkType: hard

"got@npm:^11.7.0":
  version: 11.8.6
  resolution: "got@npm:11.8.6"
  dependencies:
    "@sindresorhus/is": "npm:^4.0.0"
    "@szmarczak/http-timer": "npm:^4.0.5"
    "@types/cacheable-request": "npm:^6.0.1"
    "@types/responselike": "npm:^1.0.0"
    cacheable-lookup: "npm:^5.0.3"
    cacheable-request: "npm:^7.0.2"
    decompress-response: "npm:^6.0.0"
    http2-wrapper: "npm:^1.0.0-beta.5.2"
    lowercase-keys: "npm:^2.0.0"
    p-cancelable: "npm:^2.0.0"
    responselike: "npm:^2.0.0"
  checksum: a264ac2dbffa19fb66f7399a79894e88406a6fb55733655800a981345d7d94a4909d0fb152397daafd0eb7b5fc97cc916c0e911b82866882a7f31b99c3fc3886
  languageName: node
  linkType: hard

"grapheme-splitter@npm:^1.0.4":
  version: 1.0.4
  resolution: "grapheme-splitter@npm:1.0.4"
  checksum: c67a8e522758dd907770a78ad750e6dfdcce327b0696fdd82f4b7acb8bb22b0574c88f806afb3c6597a536fa9016e6e3486071535fd0e9226b8505c67cf2fb01
  languageName: node
  linkType: hard

"has-flag@npm:^4.0.0":
  version: 4.0.0
  resolution: "has-flag@npm:4.0.0"
  checksum: 71f182c441adda71ea3014dec578691a9d74356dd57c238fb2fc88247a94ca10892fe307cda0eb608b91f982d7da34aa2e46f763c4449351dedac26a0493e591
  languageName: node
  linkType: hard

"has-own-prop@npm:^2.0.0":
  version: 2.0.0
  resolution: "has-own-prop@npm:2.0.0"
  checksum: 8ddd5da571631dd1136685f4c994a709e89f6a446327376b2504f9fd32c88ad1b3e2419dd97fcb0bd5c48b863d293bf92738f844fbc6e740a237fecea5000093
  languageName: node
  linkType: hard

"http-cache-semantics@npm:^4.0.0":
  version: 4.1.0
  resolution: "http-cache-semantics@npm:4.1.0"
  checksum: ccfe23dd2729bc564ab419330e0c4646a1247e8dd728a4a6b3ab427b5243d2e0afea0c6fe690ff9ead43d02bd84cc5240e996543c4c87866f272e26e40540acd
  languageName: node
  linkType: hard

"http2-wrapper@npm:^1.0.0-beta.5.2":
  version: 1.0.3
  resolution: "http2-wrapper@npm:1.0.3"
  dependencies:
    quick-lru: "npm:^5.1.1"
    resolve-alpn: "npm:^1.0.0"
  checksum: 3be15184af083b5e075b82a02f00643e99a5b040b676d7819d1d3330e09fc1399523ef17b47d50f9e783749036c8a0d2dedbd9a23a0e8c60cc66644cb35d9e1a
  languageName: node
  linkType: hard

"ignore@npm:^5.2.0":
  version: 5.2.4
  resolution: "ignore@npm:5.2.4"
  checksum: 55c58d848bb753a2b7e0b4a19352f9212eae2e4a05e4a12753e90b921108a6caa140adf958a5084b144bedd886b44e3bc93f6b4839e5aba1fb4a72c6625da4c1
  languageName: node
  linkType: hard

"is-extglob@npm:^2.1.1":
  version: 2.1.1
  resolution: "is-extglob@npm:2.1.1"
  checksum: 226b9f6eee1e7da52f72c98ed4ea7fc71ee3a087b6d1c62655c9a81c601caa2fd98b9f9be42fb8163eef2720cdbf046bc7c5548a76755651e540f4b08ff3b120
  languageName: node
  linkType: hard

"is-glob@npm:^4.0.1":
  version: 4.0.3
  resolution: "is-glob@npm:4.0.3"
  dependencies:
    is-extglob: "npm:^2.1.1"
  checksum: 0b2f6c06162a1d6c764b2f1cf0f2617b6e0cb1e8125c0e3b7e838a3e06caac81268ab3c0a4699052df59229c99e8a1dd0217b30476d7643a37fa17a49f1b50af
  languageName: node
  linkType: hard

"is-number@npm:^7.0.0":
  version: 7.0.0
  resolution: "is-number@npm:7.0.0"
  checksum: 748df55ae14cc960b090a7611932940df9fa703b7e0fb4f73943b4eb94c4b5391f27ba3881fab8f5bf7a2f097490e812db0d58d05c92154e70fdf14f93d6fa95
  languageName: node
  linkType: hard

"isexe@npm:^2.0.0":
  version: 2.0.0
  resolution: "isexe@npm:2.0.0"
  checksum: b37fe0a7983c0c151c7b31ca716405aaea190ac9cd6ef3f79355f4afb043ed4d3182a6addd73b20df7a0b229269737ad0daf64116821a048bfbe6b8fb7eb842c
  languageName: node
  linkType: hard

"js-yaml@npm:^3.10.0":
  version: 3.14.1
  resolution: "js-yaml@npm:3.14.1"
  dependencies:
    argparse: "npm:^1.0.7"
    esprima: "npm:^4.0.0"
  bin:
    js-yaml: bin/js-yaml.js
  checksum: 1e0e655c5f9917215112c31302061f425cfd33af0d617e30bb043951226b25f582bcf460b197491966ba1452a98f38bc38accc910b416b9783aa1df99af38df2
  languageName: node
  linkType: hard

"json-buffer@npm:3.0.1":
  version: 3.0.1
  resolution: "json-buffer@npm:3.0.1"
  checksum: 33bf05e0790ed025751047b51bb8bc0f15942be22d22acaa071c44a4e3277bdf23132f49549a7d8dd89ee67679923f21efa21de2aaa448472372e92a837cea15
  languageName: node
  linkType: hard

"keyv@npm:^4.0.0":
  version: 4.5.2
  resolution: "keyv@npm:4.5.2"
  dependencies:
    json-buffer: "npm:3.0.1"
  checksum: 921f26a3e32ae0cd0baabbcf1e8957bddfa675d51783e2ad19256db423c8d1c40c9aafbe892584dbe72a045389bfdc2572a7f182c4b29e32c6165990df161978
  languageName: node
  linkType: hard

"lodash@npm:^4.17.15":
  version: 4.17.21
  resolution: "lodash@npm:4.17.21"
  checksum: 3ac18e92108d68f88429fcddee609e42cf2b653583d9bac22308815a4cd6b185b89a0ad0d9b0c670c371d9d6b61571a98fee6b36e1db14e52766ca253ed9cba0
  languageName: node
  linkType: hard

"lowercase-keys@npm:^2.0.0":
  version: 2.0.0
  resolution: "lowercase-keys@npm:2.0.0"
  checksum: c305ecdea6e53ab142b74095be2a19174a6265345b043e28e88cfef1845a9a143888898c643707d7ca733bf89ce12577732bdb402106dc34d8dd2b294519726e
  languageName: node
  linkType: hard

"lru-cache@npm:^6.0.0":
  version: 6.0.0
  resolution: "lru-cache@npm:6.0.0"
  dependencies:
    yallist: "npm:^4.0.0"
  checksum: b2d72088dd27df27189607554990b0fd31d3fbd4037df909ef66f48a14122baf8ffce7f33edc17e6543ea7cd71fa561136518355dde2ad57676fa0b2ea53b85f
  languageName: node
  linkType: hard

"make-error@npm:^1.1.1":
  version: 1.3.6
  resolution: "make-error@npm:1.3.6"
  checksum: 4b81ce1392495d554ce5fd28c8de95066642e5e1a5efd395e3b3413bc75068a025d8a567aefb0738ba6da18e73323ffde17794780f632fe4395e009aa9ebcc8a
  languageName: node
  linkType: hard

"merge2@npm:^1.3.0, merge2@npm:^1.4.1":
  version: 1.4.1
  resolution: "merge2@npm:1.4.1"
  checksum: d58d7c31e24ccb93509def2af306eca9a55ad8b8862a26ea7deda3c9338e5d33365f57197ad37af68c319e5e2a1faf089e5d05894d0dc29ff07025b30b8ff8b0
  languageName: node
  linkType: hard

"micromatch@npm:^4.0.2, micromatch@npm:^4.0.4":
  version: 4.0.5
  resolution: "micromatch@npm:4.0.5"
  dependencies:
    braces: "npm:^3.0.2"
    picomatch: "npm:^2.3.1"
  checksum: 260305ba8cb1f073a39bbaa31edc93f7587399a094417541dc771402f83c78819ed76743c810c9fcf1c449f09bfb4de263dad8507d532e4e86063a87158a2ad6
  languageName: node
  linkType: hard

"mimic-response@npm:^1.0.0":
  version: 1.0.1
  resolution: "mimic-response@npm:1.0.1"
  checksum: 33f59926ca219581d72d6138f731c0ab09459c83dc01cce629b045cf0f0fc86d2080c0d776f2112dab7c4ef585c1104a3df0b2b8ed31fc6f4d261656f3543d4e
  languageName: node
  linkType: hard

"mimic-response@npm:^3.1.0":
  version: 3.1.0
  resolution: "mimic-response@npm:3.1.0"
  checksum: 1d485ca418ab93d27d5a90b0ad701eee79fdf6a7dfd0342f7c83e1f2b421703eadadf9d1c968bff4749dcb42bb2148dc4b6bce795b7b357b46d47731353b7077
  languageName: node
  linkType: hard

"minipass@npm:^3.0.0":
  version: 3.3.6
  resolution: "minipass@npm:3.3.6"
  dependencies:
    yallist: "npm:^4.0.0"
  checksum: 9704cf677a05e82174c1a0765260f877ce3b4f09858b6c80a07a38a41ff661a2913a482f82faa73b89fc23ee3bcc4cff04d7e8ce6951de4fc2c2108d360b6f1f
  languageName: node
  linkType: hard

"minipass@npm:^4.0.0":
  version: 4.0.0
  resolution: "minipass@npm:4.0.0"
  dependencies:
    yallist: "npm:^4.0.0"
  checksum: 9f5879b588df2ba47dc5def5520b14dabd6acd1c9a3d115f482baba47177a004718b01da4fd5b15dba036f435646d8cb9489ba84fca3808acdd72a9cc1d3c7ca
  languageName: node
  linkType: hard

"minizlib@npm:^2.1.1":
  version: 2.1.2
  resolution: "minizlib@npm:2.1.2"
  dependencies:
    minipass: "npm:^3.0.0"
    yallist: "npm:^4.0.0"
  checksum: c0071edb242d6808652840614193316e82d012b79ff1997352de3df1c19b7580d3d4790c462c8506b1f4225f08162ebba88ebceb1529d168304b06b23757e88d
  languageName: node
  linkType: hard

"mkdirp@npm:^1.0.3":
  version: 1.0.4
  resolution: "mkdirp@npm:1.0.4"
  bin:
    mkdirp: bin/cmd.js
  checksum: 123361119829ab8115234f36ed8ef8f697b0f6f83ec9f9bc8f76da587487976d74bc874ffa892e7a66df607fa8f2cc758eed8db225e9cd3a84846350209e53db
  languageName: node
  linkType: hard

"normalize-url@npm:^6.0.1":
  version: 6.1.0
  resolution: "normalize-url@npm:6.1.0"
  checksum: 571335f6aca25545549a75e9f1ef848cbb1b4db08c19e2a1e042a216d14128fc77e039b08de2dbfa4b8341202dc7fff888ab9ba8aa6940568563d1de60867104
  languageName: node
  linkType: hard

"once@npm:^1.3.1, once@npm:^1.4.0":
  version: 1.4.0
  resolution: "once@npm:1.4.0"
  dependencies:
    wrappy: "npm:1"
  checksum: 12d5c6ece331855387577e71c96ab5b60269390b131cf9403494206274fa520221c88f8b8d431d7227d080127730460da8907c402ab4142e592c34aacb5c9817
  languageName: node
  linkType: hard

"p-cancelable@npm:^2.0.0":
  version: 2.1.1
  resolution: "p-cancelable@npm:2.1.1"
  checksum: 72b765c431614e7a7c5a22d6d32cee904f14df001a11491913b65cdc5143245dbd932487418b9d673c39381d940c22b1cdd08b2d768666fa3c4a5e199801824f
  languageName: node
  linkType: hard

"p-limit@npm:^2.2.0":
  version: 2.3.0
  resolution: "p-limit@npm:2.3.0"
  dependencies:
    p-try: "npm:^2.0.0"
  checksum: c317600da8c93ba548091ddee29772a00fab9eca806af5167ed0e756c086702f0e25b51c4d29e75bb09869c0c005dc25eb03fad9958066923f6eb34d90df0465
  languageName: node
  linkType: hard

"p-try@npm:^2.0.0":
  version: 2.2.0
  resolution: "p-try@npm:2.2.0"
  checksum: 1b9a6b5d6f42a46e36f053ee737a72cbe8f7990ee65e0d7bc3f8f8324e233d5b5e790f9f660bcc44d93738a2b12108dec1f7a39c9650d276fd1f9d73d54d4f55
  languageName: node
  linkType: hard

"path-key@npm:^3.1.0":
  version: 3.1.1
  resolution: "path-key@npm:3.1.1"
  checksum: 93ee8a32e3be43548ece14eba2620bf5164884d0cc1aa3615d136567a39e02066c9b5aeb5b6747d766af55936151c95d9371ba46d4fcf361db9691505650c001
  languageName: node
  linkType: hard

"path-type@npm:^4.0.0":
  version: 4.0.0
  resolution: "path-type@npm:4.0.0"
  checksum: 6a9330ad8d96f31e929feb414cde2959078379ba5a48c9e3eab34f280d7850eec6a0fa3ed5be9150e9e4d7df5139c1ae92f891b18167528553a11382d8f54183
  languageName: node
  linkType: hard

"picomatch@npm:^2.3.1":
  version: 2.3.1
  resolution: "picomatch@npm:2.3.1"
  checksum: 6ba5938c24af2c5918e94b39aa0ad48d71f2c30634de69d46e0bd32feb666de4e909406db6ffb78f98d39ef450d6a41b6fa3954dc3659d7b2b750766c1261e5e
  languageName: node
  linkType: hard

"pump@npm:^3.0.0":
  version: 3.0.0
  resolution: "pump@npm:3.0.0"
  dependencies:
    end-of-stream: "npm:^1.1.0"
    once: "npm:^1.3.1"
  checksum: b2e6702ce154c091b2895cf6f09b35d4db783a3b9658c177387ff6ad00c0e9f6dd9fc5c70f64a3b360bc3624340fca69ff565fad586a206d6818f5e87d836420
  languageName: node
  linkType: hard

"queue-microtask@npm:^1.2.2":
  version: 1.2.3
  resolution: "queue-microtask@npm:1.2.3"
  checksum: 84624bee6c25c9d9776242ce0dcc3e15f703d897f4b7d982f32ef4d88c51048507a0999d9ff038ec46f65901655460b69240e414da1cebc2d723987ec81cbae8
  languageName: node
  linkType: hard

"quick-lru@npm:^5.1.1":
  version: 5.1.1
  resolution: "quick-lru@npm:5.1.1"
  checksum: fefb921f96c5cdf650d25d80b709072122e7a24c374aa08b35c4347f319b7614f331002c1107d337651107fadea4a2b8a66774070645a179f6fc6b21edc2085a
  languageName: node
  linkType: hard

"repeat-string@npm:^1.6.1":
  version: 1.6.1
  resolution: "repeat-string@npm:1.6.1"
  checksum: aa893b7e42c56727dce0f9bf902c5156b9b914c3a31b4a3831e673d43502ce7613311ba38b2c1852c7ea4f9f88e10aa985e162e7ae2e424e0a0ebd761b21f678
  languageName: node
  linkType: hard

"resolve-alpn@npm:^1.0.0":
  version: 1.2.1
  resolution: "resolve-alpn@npm:1.2.1"
  checksum: e3dfc6bc87269e25615e15afb7c96d8f0c35f64ef9f03ddc7524b05d09c3b6ed5377679aa6fc4fb7e057d8799e2a9b82f12a691212a8bfcd7c26e353bfecb14c
  languageName: node
  linkType: hard

"responselike@npm:^2.0.0":
  version: 2.0.1
  resolution: "responselike@npm:2.0.1"
  dependencies:
    lowercase-keys: "npm:^2.0.0"
  checksum: 630d53fc31717a5a8cd634d4844feb41e70be4c3d01ffc79a9964b289a978ffefed09c70bd71d7006e74e27ed274e7f8f5bf09b0cf333e562e6ef2505ac3f4e5
  languageName: node
  linkType: hard

"reusify@npm:^1.0.4":
  version: 1.0.4
  resolution: "reusify@npm:1.0.4"
  checksum: 3d0f10293851d5a50453257bb837ad973b046fc51fa489c46f3a480e0e3a9cf249babb30a493ad5f802a71510b2ee4e65a4609a644f98b3413575ab707f841d7
  languageName: node
  linkType: hard

"run-parallel@npm:^1.1.9":
  version: 1.2.0
  resolution: "run-parallel@npm:1.2.0"
  dependencies:
    queue-microtask: "npm:^1.2.2"
  checksum: 45bff4f6664ae79b8653ebd32c6e9e9e37139683f7bd1d54d5a05c409c9d167ece16c9b7e36a99ac4bb7a08b5f72b4084a1e08eba443bc6e2ca9044ef972752c
  languageName: node
  linkType: hard

"semver@npm:^7.1.2":
  version: 7.3.8
  resolution: "semver@npm:7.3.8"
  dependencies:
    lru-cache: "npm:^6.0.0"
  bin:
    semver: bin/semver.js
  checksum: 94ad80ee14889020cb4a14d809fb99d16cbf4ff3dc7f4c564fc72efe2c5763a60090a1c16a9fd18ceeb1e993a1303a4d870c0a22f26adaf435b368b46a7d8462
  languageName: node
  linkType: hard

"shebang-command@npm:^2.0.0":
  version: 2.0.0
  resolution: "shebang-command@npm:2.0.0"
  dependencies:
    shebang-regex: "npm:^3.0.0"
  checksum: 5907a8d5facbefbd4dc8d21778d2136d5d22d61b5526452d92d46662614f0ed57090e7adf7184fe9d2d5ef75af9f05d7573437e10b37f2e6fdeeeb5f59fd9ada
  languageName: node
  linkType: hard

"shebang-regex@npm:^3.0.0":
  version: 3.0.0
  resolution: "shebang-regex@npm:3.0.0"
  checksum: 6be1588a86ed74d05481d09a6ef6a8db44550fda9785ae08c3df06717abc2e5e9a11804b1d0ac9b0641870c5ebf545e18c8d348bc105ba09227e6a32415ea1d6
  languageName: node
  linkType: hard

"slash@npm:^3.0.0":
  version: 3.0.0
  resolution: "slash@npm:3.0.0"
  checksum: b88a0f1086e3cd20c8b61f50d8afff5fba83f95167a86432f54387565c9424e5d1970612371f768c128ed4b5b1c427120382bafc8c9edf0b3737eb226b733687
  languageName: node
  linkType: hard

"sprintf-js@npm:~1.0.2":
  version: 1.0.3
  resolution: "sprintf-js@npm:1.0.3"
  checksum: 3e0738f581ab5582868689318a4987ea532cdf220266c1af6fdc5a5091f5c4e758fe3fed9125ac82ed91119ec2cbe0762c0e069b59b929bf70e8bbbf879e56e5
  languageName: node
  linkType: hard

"strip-ansi@npm:^6.0.0":
  version: 6.0.1
  resolution: "strip-ansi@npm:6.0.1"
  dependencies:
    ansi-regex: "npm:^5.0.1"
  checksum: 056ca08f8097351060572eee207ec66247937d7248780a3d643b5eed7d6b5ca6a0990a4f921ffd329e8e9b66427a384237892ac3cb47463adf7d040b154084ec
  languageName: node
  linkType: hard

"supports-color@npm:^7.1.0":
  version: 7.2.0
  resolution: "supports-color@npm:7.2.0"
  dependencies:
    has-flag: "npm:^4.0.0"
  checksum: 9218cc0d12c57f4ae213e6ace98e0cda2d8f47617300f21501a0078e17d9e3b4aa3effdc1006e369dfd5389ff4f99682b9617d4a8fb7566e2964955dd14d4cc3
  languageName: node
  linkType: hard

"tar@npm:^6.0.5":
  version: 6.1.13
  resolution: "tar@npm:6.1.13"
  dependencies:
    chownr: "npm:^2.0.0"
    fs-minipass: "npm:^2.0.0"
    minipass: "npm:^4.0.0"
    minizlib: "npm:^2.1.1"
    mkdirp: "npm:^1.0.3"
    yallist: "npm:^4.0.0"
  checksum: b1254685cb870858a072a6863d7f769c5c27f964166cacdf2fee4aac526dc8949fb9cd609a9e0a77e5cb8f993e2d38c966c52de0e71827e8f14a3d4cd43209db
  languageName: node
  linkType: hard

"tinylogic@npm:^2.0.0":
  version: 2.0.0
  resolution: "tinylogic@npm:2.0.0"
  checksum: 8c97825b2916ace0cee7dbd9f39762c063ca7cf27f5f0c3f0c16bab2de8580b07a8bb123ebcd52767ff5923919eb70f241ccc4f7d1889ad0c07aa77d88dcb409
  languageName: node
  linkType: hard

"to-regex-range@npm:^5.0.1":
  version: 5.0.1
  resolution: "to-regex-range@npm:5.0.1"
  dependencies:
    is-number: "npm:^7.0.0"
  checksum: 16564897c76bbd25bd3c375ee8d4b1fd3ac965fc4ab550ff034a1dddb53816ec06dc27095468394ad4de5978d5e831a9d1ae4cb31080dc4ebd9ba80a47dc1a4f
  languageName: node
  linkType: hard

"treeify@npm:^1.1.0":
  version: 1.1.0
  resolution: "treeify@npm:1.1.0"
  checksum: d995a3ef5940b00b39e6e6db6b11bfe0c39259d9c97b02ad7aef6e7322744e237f9567599417105bcc0cc6c1549270d81288c0d614f8d05b3adaf17a624ab9c0
  languageName: node
  linkType: hard

"ts-node@npm:^10.9.1":
  version: 10.9.1
  resolution: "ts-node@npm:10.9.1"
  dependencies:
    "@cspotcode/source-map-support": "npm:^0.8.0"
    "@tsconfig/node10": "npm:^1.0.7"
    "@tsconfig/node12": "npm:^1.0.7"
    "@tsconfig/node14": "npm:^1.0.0"
    "@tsconfig/node16": "npm:^1.0.2"
    acorn: "npm:^8.4.1"
    acorn-walk: "npm:^8.1.1"
    arg: "npm:^4.1.0"
    create-require: "npm:^1.1.0"
    diff: "npm:^4.0.1"
    make-error: "npm:^1.1.1"
    v8-compile-cache-lib: "npm:^3.0.1"
    yn: "npm:3.1.1"
  peerDependencies:
    "@swc/core": ">=1.2.50"
    "@swc/wasm": ">=1.2.50"
    "@types/node": "*"
    typescript: ">=2.7"
  peerDependenciesMeta:
    "@swc/core":
      optional: true
    "@swc/wasm":
      optional: true
  bin:
    ts-node: dist/bin.js
    ts-node-cwd: dist/bin-cwd.js
    ts-node-esm: dist/bin-esm.js
    ts-node-script: dist/bin-script.js
    ts-node-transpile-only: dist/bin-transpile.js
    ts-script: dist/bin-script-deprecated.js
  checksum: c4caff4b9bb7a3a44adbb64a38786ce4203c2ebceb8b5373b504d0826cf047f9f23105767a3e130e2f4078629f592a8332cfd8ee1061b57b7d159de49c7d8f6f
  languageName: node
  linkType: hard

"tslib@npm:^2.4.0":
  version: 2.4.1
  resolution: "tslib@npm:2.4.1"
  checksum: a739a21e3ff059e62c7c3c0845333fbc9c081bcc91e015f2d246a31eeaf1fb0e29b10c0913c7d22f692b3203bb469fd60ca5288aa4f27d351a969df2d0714899
  languageName: node
  linkType: hard

"tunnel@npm:^0.0.6":
  version: 0.0.6
  resolution: "tunnel@npm:0.0.6"
  checksum: 4b6009e1ed9c1857d58462867cd731f4af255c0406fc982dd0a17735c5c991293bc57a8c0957c5f51dfc3778baa280e399d3e05f1ca4aaf7442349c529b7c89d
  languageName: node
  linkType: hard

"typanion@npm:^3.8.0":
  version: 3.12.1
  resolution: "typanion@npm:3.12.1"
  checksum: 492540c6ac09c20b1693dd4ca4278f95d3771892c551aad26844faec0bbbdafc28c72b0c0df60ac68252b1fade7e0e664df517d6f0be702c32929368814373c2
  languageName: node
  linkType: hard

"typescript@npm:^4.9.4":
  version: 4.9.4
  resolution: "typescript@npm:4.9.4"
  bin:
    tsc: bin/tsc
    tsserver: bin/tsserver
  checksum: b142d5e50785d0e5055771e4d9e712b01be58985ff29be3d3acc64f0fddd5fd8ade8b28583ba502f2565783c23bd5b509c5abcc1a93a2d7d4f05b8e4ee731fc9
  languageName: node
  linkType: hard

"typescript@patch:typescript@npm%3A^4.9.4#optional!builtin<compat/typescript>":
  version: 4.9.4
  resolution: "typescript@patch:typescript@npm%3A4.9.4#optional!builtin<compat/typescript>::version=4.9.4&hash=ad5954"
  bin:
    tsc: bin/tsc
    tsserver: bin/tsserver
  checksum: e7321aeb1e2c0e3c19599808707208e2b730de8d17a5624f0a7297b9a1ffa39974edd4a819108b3b635bc00171476ddfa339e04d928a03ce8d8c6944cb8ec008
  languageName: node
  linkType: hard

"v8-compile-cache-lib@npm:^3.0.1":
  version: 3.0.1
  resolution: "v8-compile-cache-lib@npm:3.0.1"
  checksum: 0ebe342e7f20816fd5d323affd77f60ea65810ef60beecafbb06397870b18b3d6cb76412721e23603f603fcf5b1f3b37e2844adf15e9b708dbd6404f01884b23
  languageName: node
  linkType: hard

"which@npm:^2.0.1":
  version: 2.0.2
  resolution: "which@npm:2.0.2"
  dependencies:
    isexe: "npm:^2.0.0"
  bin:
    node-which: ./bin/node-which
  checksum: 3728616c789b289c36ba2572887145e0736f06fe3435b8fef17e27eb5ec0696f61a21e356dd7fa58486346e57186863afa1b6c27c7665f7e674c8124f7f61157
  languageName: node
  linkType: hard

"wrappy@npm:1":
  version: 1.0.2
  resolution: "wrappy@npm:1.0.2"
  checksum: 37d243a577dfeee20586eae1e3208dfb4e4cea1211a2a4116a19b50d91e619ff3dbc5ec934e28ca9baaa11a65df826c8d65c5fd1bb81f0ce0dadb469d47061c2
  languageName: node
  linkType: hard

"yallist@npm:^4.0.0":
  version: 4.0.0
  resolution: "yallist@npm:4.0.0"
  checksum: cd7fe32508c6942d8b979278fbe13846fe88cd6840d78043d08c6b2c74d67ce38b58bd21618dca8a4e132dcc025fc0e66a7d87ca10cf6ed338465607ebff4378
  languageName: node
  linkType: hard

"yn@npm:3.1.1":
  version: 3.1.1
  resolution: "yn@npm:3.1.1"
  checksum: 890a9ce10f1f6691316f521444dcdc2d012dbfba423ec2252444dab5888def4ee48751304e51302c6d14197a1e9407256153a357c955bff1d659df592cfda456
  languageName: node
  linkType: hard
